
Microsoft Visual Studio Solution File, Format Version 12.00
# Visual Studio Version 17
VisualStudioVersion = 17.11.35327.3
MinimumVisualStudioVersion = 10.0.40219.1
Project("{2150E333-8FDC-42A3-9474-1A3956D46DE8}") = "Frontend", "Frontend", "{18801BDA-7CDB-44C9-AAC2-928B5F2C34F5}"
EndProject
Project("{2150E333-8FDC-42A3-9474-1A3956D46DE8}") = "Gateway", "Gateway", "{4E223B57-1554-4C25-ABE5-5CCD641D28E7}"
EndProject
Project("{2150E333-8FDC-42A3-9474-1A3956D46DE8}") = "Intergration", "Intergration", "{C000EB4A-BA8B-4AAA-BC3D-BFEF34EBA3DF}"
EndProject
Project("{2150E333-8FDC-42A3-9474-1A3956D46DE8}") = "Services", "Services", "{2FA74698-3AB4-4A1C-BCF7-521BCA086CF6}"
EndProject
Project("{9A19103F-16F7-4668-BE54-9A1E7A4F7556}") = "Mango.Services.CouponAPI", "Mango.Services.CouponAPI\Mango.Services.CouponAPI.csproj", "{6F4BFFFC-E933-4884-BE1C-5E3AE6576E9F}"
EndProject
Project("{9A19103F-16F7-4668-BE54-9A1E7A4F7556}") = "Mango.Web", "Mango.Web\Mango.Web.csproj", "{A18207A9-1389-4DAA-845D-BD8698770D4C}"
EndProject
Project("{FAE04EC0-301F-11D3-BF4B-00C04F79EFBC}") = "Mango.Services.AuthAPI", "Mango.Services.AuthAPI\Mango.Services.AuthAPI.csproj", "{D14496FA-D4C4-4383-AFB8-E676A4B40451}"
EndProject
Project("{FAE04EC0-301F-11D3-BF4B-00C04F79EFBC}") = "Mango.Services.ProductAPI", "Mango.Services.ProductAPI\Mango.Services.ProductAPI.csproj", "{03851688-023C-47B7-B29C-E69483056D04}"
EndProject
Global
	GlobalSection(SolutionConfigurationPlatforms) = preSolution
		Debug|Any CPU = Debug|Any CPU
		Release|Any CPU = Release|Any CPU
	EndGlobalSection
	GlobalSection(ProjectConfigurationPlatforms) = postSolution
		{6F4BFFFC-E933-4884-BE1C-5E3AE6576E9F}.Debug|Any CPU.ActiveCfg = Debug|Any CPU
		{6F4BFFFC-E933-4884-BE1C-5E3AE6576E9F}.Debug|Any CPU.Build.0 = Debug|Any CPU
		{6F4BFFFC-E933-4884-BE1C-5E3AE6576E9F}.Release|Any CPU.ActiveCfg = Release|Any CPU
		{6F4BFFFC-E933-4884-BE1C-5E3AE6576E9F}.Release|Any CPU.Build.0 = Release|Any CPU
		{A18207A9-1389-4DAA-845D-BD8698770D4C}.Debug|Any CPU.ActiveCfg = Debug|Any CPU
		{A18207A9-1389-4DAA-845D-BD8698770D4C}.Debug|Any CPU.Build.0 = Debug|Any CPU
		{A18207A9-1389-4DAA-845D-BD8698770D4C}.Release|Any CPU.ActiveCfg = Release|Any CPU
		{A18207A9-1389-4DAA-845D-BD8698770D4C}.Release|Any CPU.Build.0 = Release|Any CPU
		{D14496FA-D4C4-4383-AFB8-E676A4B40451}.Debug|Any CPU.ActiveCfg = Debug|Any CPU
		{D14496FA-D4C4-4383-AFB8-E676A4B40451}.Debug|Any CPU.Build.0 = Debug|Any CPU
		{D14496FA-D4C4-4383-AFB8-E676A4B40451}.Release|Any CPU.ActiveCfg = Release|Any CPU
		{D14496FA-D4C4-4383-AFB8-E676A4B40451}.Release|Any CPU.Build.0 = Release|Any CPU
		{03851688-023C-47B7-B29C-E69483056D04}.Debug|Any CPU.ActiveCfg = Debug|Any CPU
		{03851688-023C-47B7-B29C-E69483056D04}.Debug|Any CPU.Build.0 = Debug|Any CPU
		{03851688-023C-47B7-B29C-E69483056D04}.Release|Any CPU.ActiveCfg = Release|Any CPU
		{03851688-023C-47B7-B29C-E69483056D04}.Release|Any CPU.Build.0 = Release|Any CPU
	EndGlobalSection
	GlobalSection(SolutionProperties) = preSolution
		HideSolutionNode = FALSE
	EndGlobalSection
	GlobalSection(NestedProjects) = preSolution
		{6F4BFFFC-E933-4884-BE1C-5E3AE6576E9F} = {2FA74698-3AB4-4A1C-BCF7-521BCA086CF6}
		{A18207A9-1389-4DAA-845D-BD8698770D4C} = {18801BDA-7CDB-44C9-AAC2-928B5F2C34F5}
		{D14496FA-D4C4-4383-AFB8-E676A4B40451} = {2FA74698-3AB4-4A1C-BCF7-521BCA086CF6}
		{03851688-023C-47B7-B29C-E69483056D04} = {2FA74698-3AB4-4A1C-BCF7-521BCA086CF6}
	EndGlobalSection
	GlobalSection(ExtensibilityGlobals) = postSolution
		SolutionGuid = {D4CBC0B2-683C-423A-82AB-979C05224E5F}
	EndGlobalSection
EndGlobal
